{
    "_meta": {
        "hash": {
            "sha256": "397d482d15b731f26f2bcf26839624bb8f410995a1c1b3e3d0b82d2d389ba8b6"
        },
        "pipfile-spec": 6,
        "requires": {
            "python_version": "3.9"
        },
        "sources": [
            {
                "name": "pypi",
                "url": "https://pypi.org/simple",
                "verify_ssl": true
            }
        ]
    },
    "default": {
        "asgiref": {
            "hashes": [
                "sha256:89b2ef2247e3b562a16eef663bc0e2e703ec6468e2fa8a5cd61cd449786d4f6e",
                "sha256:9e0ce3aa93a819ba5b45120216b23878cf6e8525eb3848653452b4192b92afed"
            ],
            "markers": "python_version >= '3.7'",
            "version": "==3.7.2"
        },
        "cvxopt": {
            "hashes": [
                "sha256:00b1b232f9d1f902d578a9d75814b67fa020758d5ae422e28ca8cef6269fa5c6",
                "sha256:13afa6472d02d518e6009352531ee685b55e42d545c9b1e3ef479ac2fbe8f52c",
                "sha256:2b61f96561ee87b5d1e40281b6d908c80a454d529dcef947d4f229bba3f68e74",
                "sha256:2e04759a39e11e630177813e74b8c93a4fa10eb6b208ae087406ebfcdae82c2f",
                "sha256:2f44a6f0fffa4b3dda73f16b18fbd71cd109f62bd10c6157cf9eb776399f5400",
                "sha256:3f318c62bf4452f0512485e3d21e05f57fcf325c3e16a7bdf409850561885ede",
                "sha256:5684e630ea6443446be0acc981073ccdc1e6a8976f970f389acb642b6b4c4bd9",
                "sha256:62f57a9270fe3be7ca1acf93c473df5ca875145e10efb9d4bd58af8d914f59be",
                "sha256:7a9532151294874fb47e2c6027fcbfffa6334ce584496d0420001b43929a2118",
                "sha256:80eebacc4db9282a844ab903f44ab3cec0249fac95ca0b79d2801e65c94d741e",
                "sha256:848e23c6dbd262fb2b429d60c6b44de46bf4009e9db539734f5876fab4bfde67",
                "sha256:8a9877128839ed62275d84f477760c40c04e78e476cf46a44d1b1ab705463061",
                "sha256:911ea2c11d3777a233dc6f07729da3f8c7cb3af6369784e443eefcf4b83ad0ba",
                "sha256:96cec99ec0236399def3fdadf3899c2f385f0277a0a296c56271cb84f472eaf0",
                "sha256:aa7f4d7937266188575109a8546f8f9dd79f322cd6dff015a1d059033a64b8d2",
                "sha256:b923ea1ca55dd54fcd6a30b8c3a4efda3ea37c727ac92881963f257deb7ccff7",
                "sha256:c44b7bf39c936a870da625702f7519a05bb6f01d22693452f91c6d034c7654ef",
                "sha256:d062344666d36fdd1cb5dd278b3299de9f1e468106b541e1b92ca62bfab24c09",
                "sha256:d0aad902085e17c618d0e238c804a0e416edb701c5b0231003ce2ba1e0a3e751",
                "sha256:d9cefe4b12e9e4a290681ba54168044dde16e26a007bd1174e4e0d610ed76813",
                "sha256:df651cdc036e286f87d8592cd3ead6a20a0452cbf7548ea9b50eda77b9577f69",
                "sha256:e090c1a9c721425bc4a86807a8ab7adc339fa845423407b6fe8d9a66f907d647",
                "sha256:f4dcbd39a18d0aef9c856242fd5ed41049122f5439832c22778ad5300930145d"
            ],
            "index": "pypi",
            "version": "==1.3.0"
        },
        "cvxpy": {
            "hashes": [
                "sha256:21a794b6fd2f760a9d766d68fbe4946534f65e89b73e89b889c5503985558b86",
                "sha256:3767189e541cbcb1259ac28df2aaf5f69485dabb6c9b3884ea0264894e57ee50",
                "sha256:4072a76d9fa1d45a503284ba20a33a7b247bd6e273c4b01e0ce02bd866c8491b",
                "sha256:69505db744df100efab5047b36eec1dd7bdd0617644117325c11c9c029b627d7",
                "sha256:77d6e649cb3cbd2f9df2a0714cf005edcc937cca8aed4a1db41a3f8f6c8311eb",
                "sha256:799139487bfbd9804fc661751b280db534a0e84453a6a2b848b5a14f9a4e1e7e",
                "sha256:a0c2f6c5d99026f431a0d5b544fe3abd42fdf8a73d0cf8a940c7be2a43fa8000",
                "sha256:ab4e80303f268315e5e216d7dbddd66e976f81573568e716f9f25197282cc5de",
                "sha256:ab9b8702a041a45a88e0190bba4d1fb3050aa937bf0cee0c27a1a429e4b2a615",
                "sha256:ade4f4028c5adb041dafd9ef3da82d428e1ea015f30b20949ccd325c42bda519",
                "sha256:bedd6188d58c89dba55d12fa176a25ae32c9c30f70e8725ffcc8723309dc625b",
                "sha256:ca0820e88e69bc85c18e23bfa3ad87e1c7219a699ec42fa720fd77882445e346",
                "sha256:d9efdf1fe8c8d881500c44ee11c33726de5b457cda8ea0073ae2346692e4d119",
                "sha256:dc15d7e82ffe392962c26a470d7e9af7cfb779b9cd4fdcb3b7cd00794305b088",
                "sha256:dfb39124f0a5e39d592b39fd21f485b2159838e97c03407ba8439c15a4be9676",
                "sha256:ff3438c801176f2ce639f2e144bbdc4a5897ef1396238a09cf7ef582c972b336"
            ],
            "index": "pypi",
            "version": "==1.2.3"
        },
        "django": {
            "hashes": [
                "sha256:0fabc786489af16ad87a8c170ba9d42bfd23f7b699bd5ef05675864e8d012859",
                "sha256:72a4a5a136a214c39cf016ccdd6b69e2aa08c7479c66d93f3a9b5e4bb9d8a347"
            ],
            "index": "pypi",
            "version": "==3.1.14"
        },
        "ecos": {
            "hashes": [
                "sha256:29d00164eaea66ed54697a3b361c575284a8bca54f2623381a0635806c7303a7",
                "sha256:3e42bd4c19af6e04f76ccc85d941b1f1adc7faeee4d06d482395a6beb7bec895",
                "sha256:4979dc2d1cb6667e371a45a61887068505c1305437eef104ed6ef16f4b6aa0e3",
                "sha256:4e86671397d1d2cd7cccff8a9c45be0541b0c60af8b92a0ff3581c9ed869db67",
                "sha256:5184a9d8521ad1af90ffcd9902a6fa75c7bc473f37d30d86f97beda1033dfca2",
                "sha256:528b02f53835bd1baeb2e23f8153b8d6cc2b3704e1768be6a1a972f542241670",
                "sha256:608bc822ee8e070927ab3519169b13a1a0fe88f3d562212d6b5dbb1039776360",
                "sha256:617be25d74222849622b0f82b94a11abcf1fae78ccaf69977b328321ee6ffa0b",
                "sha256:6def54336a15b5a49bc3bfcaa36035e8557cae8a4853b17ca84f5a29c93bcaea",
                "sha256:7af08941552fce108bd80145cdb6be7fa74477a20bacdac170800442cc7027d4",
                "sha256:835298a299c88c207b3402fba60ad9b5688b59bbbf2ac34a46de5b37165d773a",
                "sha256:858a4dd3177bdc8cc6e362031732f5177b62138a1e4ef91c0dc3c6bd7d2d1248",
                "sha256:da8fbbca3feb83a9e27075d29b3765417d0c80af8ea83cbdc4a558cae7b564af",
                "sha256:eba07599084724eedc20b2862d5580eebebb09609f4740baadc78401cb99827c",
                "sha256:f48816d73b87ae325556ea537b7c8743187311403c80e3832035224156337c4e",
                "sha256:f70e4547966f530fd7715756f7a65d5b9b90b312b9d37f243ef9356c05e7d74c"
            ],
            "version": "==2.0.12"
        },
        "faker": {
            "hashes": [
                "sha256:6886d58f3c24d8ecdaa3740b138121614197ffd3e0adfb0cb02ca4e71e292dfe",
                "sha256:8f7cb7a62a1a207bb8febcc6e04fd8b80e0f31b1a4c2ca587d42368064922b80"
            ],
            "index": "pypi",
            "version": "==1.0.8"
        },
        "gunicorn": {
            "hashes": [
                "sha256:9dcc4547dbb1cb284accfb15ab5667a0e5d1881cc443e0677b4882a4067a807e",
                "sha256:e0a968b5ba15f8a328fdfd7ab1fcb5af4470c28aaf7e55df02a99bc13138e6e8"
            ],
            "index": "pypi",
            "version": "==20.1.0"
        },
        "mysqlclient": {
            "hashes": [
                "sha256:0d1cd3a5a4d28c222fa199002810e8146cffd821410b67851af4cc80aeccd97c",
                "sha256:828757e419fb11dd6c5ed2576ec92c3efaa93a0f7c39e263586d1ee779c3d782",
                "sha256:996924f3483fd36a34a5812210c69e71dea5a3d5978d01199b78b7f6d485c855",
                "sha256:b355c8b5a7d58f2e909acdbb050858390ee1b0e13672ae759e5e784110022994",
                "sha256:c1ed71bd6244993b526113cca3df66428609f90e4652f37eb51c33496d478b37",
                "sha256:c812b67e90082a840efb82a8978369e6e69fc62ce1bda4ca8f3084a9d862308b",
                "sha256:dea88c8d3f5a5d9293dfe7f087c16dd350ceb175f2f6631c9cf4caf3e19b7a96"
            ],
            "index": "pypi",
            "version": "==2.1.1"
        },
        "numpy": {
            "hashes": [
                "sha256:0ac6edfb35d2a99aaf102b509c8e9319c499ebd4978df4971b94419a116d0790",
                "sha256:26815c6c8498dc49d81faa76d61078c4f9f0859ce7817919021b9eba72b425e3",
                "sha256:4aedd08f15d3045a4e9c648f1e04daca2ab1044256959f1f95aafeeb3d794c16",
                "sha256:4c69fe5f05eea336b7a740e114dec995e2f927003c30702d896892403df6dbf0",
                "sha256:5177310ac2e63d6603f659fadc1e7bab33dd5a8db4e0596df34214eeab0fee3b",
                "sha256:5aa48bebfb41f93043a796128854b84407d4df730d3fb6e5dc36402f5cd594c0",
                "sha256:5b1b90860bf7d8a8c313b372d4f27343a54f415b20fb69dd601b7efe1029c91e",
                "sha256:6c284907e37f5e04d2412950960894b143a648dea3f79290757eb878b91acbd1",
                "sha256:6d183b5c58513f74225c376643234c369468e02947b47942eacbb23c1671f25d",
                "sha256:7412125b4f18aeddca2ecd7219ea2d2708f697943e6f624be41aa5f8a9852cc4",
                "sha256:7cd981ccc0afe49b9883f14761bb57c964df71124dcd155b0cba2b591f0d64b9",
                "sha256:85cdae87d8c136fd4da4dad1e48064d700f63e923d5af6c8c782ac0df8044542",
                "sha256:8aa130c3042052d656751df5e81f6d61edff3e289b5994edcf77f54118a8d9f4",
                "sha256:95367ccd88c07af21b379be1725b5322362bb83679d36691f124a16357390153",
                "sha256:9c7211d7920b97aeca7b3773a6783492b5b93baba39e7c36054f6e749fc7490c",
                "sha256:9e3f2b96e3b63c978bc29daaa3700c028fe3f049ea3031b58aa33fe2a5809d24",
                "sha256:b76aa836a952059d70a2788a2d98cb2a533ccd46222558b6970348939e55fc24",
                "sha256:b792164e539d99d93e4e5e09ae10f8cbe5466de7d759fc155e075237e0c274e4",
                "sha256:c0dc071017bc00abb7d7201bac06fa80333c6314477b3d10b52b58fa6a6e38f6",
                "sha256:cc3fda2b36482891db1060f00f881c77f9423eead4c3579629940a3e12095fe8",
                "sha256:d6b267f349a99d3908b56645eebf340cb58f01bd1e773b4eea1a905b3f0e4208",
                "sha256:d76a84998c51b8b68b40448ddd02bd1081bb33abcdc28beee6cd284fe11036c6",
                "sha256:e559c6afbca484072a98a51b6fa466aae785cfe89b69e8b856c3191bc8872a82",
                "sha256:ecc68f11404930e9c7ecfc937aa423e1e50158317bf67ca91736a9864eae0232",
                "sha256:f1accae9a28dc3cda46a91de86acf69de0d1b5f4edd44a9b0c3ceb8036dfff19"
            ],
            "markers": "python_version >= '3.9'",
            "version": "==1.25.0"
        },
        "osqp": {
            "hashes": [
                "sha256:0084e3d733c75687d68bc133bc380ce471dfe6f7724af2718a43491782eec8d6",
                "sha256:03e460e683ec2ce0f839353ddfa3c4c8ffa509ab8cf6a2b2afbb586fa453e180",
                "sha256:0441c10f7fe5f46692a9b44a57138977bb112ae3f8127151671968c5d9ec5dbb",
                "sha256:146b89f2cfbf59eaeb2c47e3a312f2034138df78d80ce052364810dc0ef70fc4",
                "sha256:1b2049b2c42565dcaa63ddca1c4028b1fb20aab141453f5d77e8ff5b1a99a2cf",
                "sha256:1b573fe1cd0e82239a279c58817c1d365187ef862e928b2b9c828c3c516ad3c2",
                "sha256:1c548a0b3691850e7e22f3624a128d8af33416d70a9b5976a47d4d832028dcd8",
                "sha256:30fbc3b3c028c06a6c5f1e66be7b7106ad48a29e0dc5bd82393f82dd68235ef8",
                "sha256:387e7abd737dfe32c9ec00ad74af25328cdd0d0f634d79530655c040a5cb9590",
                "sha256:3cbb6efdaffb7387dc0037dfe3259d4803e5ad7217e6f20fb605c92953214b9d",
                "sha256:3f3a3c6d2708868e5e3fe2da300d6523cbf68a3d8734ce9c5043db37391969f5",
                "sha256:41f304d1d7f91af07d8f0b01e5af29ec3bb8824f0102c7fd8b13b497be120da4",
                "sha256:60abec3593870990b16f00bd5017096a7091fb00b68d0db3383fc048ca8e55c9",
                "sha256:6c3951ef505177b858c6cd34de980346014cae3d2234c93db960b12c5885f9a2",
                "sha256:71d9f611823af4a8b241c86805920e5382cd65c7f94fd3615b4eef999ed94c7c",
                "sha256:7eafa3f3e82dd36c52f3f4ef19a95142405c807c272c4b53c5971c53535d7804",
                "sha256:b15e65a307fbbabf60248bb9bc204e61d5d4ae64e00427a69e2dad9622f4c29d",
                "sha256:b73bdd9589901841af83c5ed6a4092b4fac5a0beff9e32682d8526d1f16a728c",
                "sha256:c07b1a4b538aab629b0fae69f644b7e76f81f94d65230014d482e296dacd046b",
                "sha256:dc18f87c9549032c163ce590a5e32079df94ee656c8fb357ba607aa9d78fab81",
                "sha256:e1445e10a94e01698e13c87a7debf6ac1a15f3acd1f8f6340cb1ad945db4732b",
                "sha256:e1dfda08c38c3521012740a73ef782f97dfc54a41deae4b0bc4afd18d0e74da0",
                "sha256:e6b7d923c836f1d07115057e595245ccc1694ecae730a1affda78fc6f3c8d239",
                "sha256:ea7d8c92bcdf4fef98d777f13d39060d425ef2e8778ed487c96a6fa10848cdea",
                "sha256:fe57e4bde071b388518ecb068f26319506dd9cb107363d3d80c12d2e59fc1e81"
            ],
            "version": "==0.6.3"
        },
        "python-dateutil": {
            "hashes": [
                "sha256:0123cacc1627ae19ddf3c27a5de5bd67ee4586fbdd6440d9748f8abb483d3e86",
                "sha256:961d03dc3453ebbc59dbdea9e4e11c5651520a876d0f4db161e8674aae935da9"
            ],
            "markers": "python_version >= '2.7' and python_version not in '3.0, 3.1, 3.2, 3.3'",
            "version": "==2.8.2"
        },
        "pytz": {
            "hashes": [
                "sha256:1d8ce29db189191fb55338ee6d0387d82ab59f3d00eac103412d64e0ebd0c588",
                "sha256:a151b3abb88eda1d4e34a9814df37de2a80e301e68ba0fd856fb9b46bfbbbffb"
            ],
            "version": "==2023.3"
        },
        "qdldl": {
            "hashes": [
                "sha256:092f6606690a2b9bd3c939f3147887e02de13bb068fbed5ffdc7459034def623",
                "sha256:0e3f06e8a49ddd834b24fc3d7afbba4fec0923101045aa2666e18d2a9980e329",
                "sha256:26aa3d6f0da7779265d72e8f418094003e75fa53c515a53bc03fd8b9bcfbf7de",
                "sha256:3a81c46522dd6b3042e2348fa98128bb5c0e466f42bce214e80cfb766ff40930",
                "sha256:40e5d6753310377451ed4dc09b1ef28faf40108b713e7f55c8a8ae94d679a672",
                "sha256:4a86155f3de66c5db0e21544b7a2421c671028fa20da407686d2a8d0e9b57e51",
                "sha256:717cb1892b033c01a0aae84ededcfa1f05bcb97013095d779c497e6c32f90dac",
                "sha256:718d8e141832e96ba71ca1807a74813836c6403110faaa3d33a67de1af3b29c4",
                "sha256:8ab02e8b9ff86bd644a1935718387c82fbe04c31e3309cf9f7a121d02b1deda8",
                "sha256:8fc35432913085d94b2327242cf51388467ef7a37ac0d71eb31b594b575dd498",
                "sha256:981ca8672e9506976c663552c1eb6f6daf9726d62650b3bf5900260946156166",
                "sha256:aa208703b44337a7e77f6f2663f7a452144becb4421970d534ff8297b92e1e10",
                "sha256:ae161342529852b6248ace4642bc4ee371a7c1e0707b7bc43a43ef7e73c06ca3",
                "sha256:b42649484f7c0d8ee659224ecaac0a3e97f12531018207f4d7323e4071320eb1",
                "sha256:b8ec670d97cf756f9159dc0a11de5cf054e88aefe84bea1c7282f00334642843",
                "sha256:c1dd0e570e65aaf35e10b7fb345f7ac763fd05a2227b9c06ce65e07993fc4984",
                "sha256:e55bcd6962178029faf543addd49db145302dd51e19855fefa71b5fd55840eea",
                "sha256:f346a114c8342ee6d4dbd6471eef314199fb268d3bf7b95885ca351fde2b023f",
                "sha256:fd5cfd8c50f33ddacb830594a63b8c1093a24aea45312b9d2ed826cea5ece08a"
            ],
            "version": "==0.1.7.post0"
        },
        "scipy": {
            "hashes": [
                "sha256:0490dc499fe23e4be35b8b6dd1e60a4a34f0c4adb30ac671e6332446b3cbbb5a",
                "sha256:0ab2a58064836632e2cec31ca197d3695c86b066bc4818052b3f5381bfd2a728",
                "sha256:151f066fe7d6653c3ffefd489497b8fa66d7316e3e0d0c0f7ff6acca1b802809",
                "sha256:16ba05d3d1b9f2141004f3f36888e05894a525960b07f4c2bfc0456b955a00be",
                "sha256:27e548276b5a88b51212b61f6dda49a24acf5d770dff940bd372b3f7ced8c6c2",
                "sha256:2ad449db4e0820e4b42baccefc98ec772ad7818dcbc9e28b85aa05a536b0f1a2",
                "sha256:2f9ea0a37aca111a407cb98aa4e8dfde6e5d9333bae06dfa5d938d14c80bb5c3",
                "sha256:38bfbd18dcc69eeb589811e77fae552fa923067fdfbb2e171c9eac749885f210",
                "sha256:3afcbddb4488ac950ce1147e7580178b333a29cd43524c689b2e3543a080a2c8",
                "sha256:42ab8b9e7dc1ebe248e55f54eea5307b6ab15011a7883367af48dd781d1312e4",
                "sha256:441cab2166607c82e6d7a8683779cb89ba0f475b983c7e4ab88f3668e268c143",
                "sha256:4bd0e3278126bc882d10414436e58fa3f1eca0aa88b534fcbf80ed47e854f46c",
                "sha256:4df25a28bd22c990b22129d3c637fd5c3be4b7c94f975dca909d8bab3309b694",
                "sha256:5cd7a30970c29d9768a7164f564d1fbf2842bfc77b7d114a99bc32703ce0bf48",
                "sha256:6e4497e5142f325a5423ff5fda2fff5b5d953da028637ff7c704378c8c284ea7",
                "sha256:6faf86ef7717891195ae0537e48da7524d30bc3b828b30c9b115d04ea42f076f",
                "sha256:954ff69d2d1bf666b794c1d7216e0a746c9d9289096a64ab3355a17c7c59db54",
                "sha256:9b878c671655864af59c108c20e4da1e796154bd78c0ed6bb02bc41c84625686",
                "sha256:b901b423c91281a974f6cd1c36f5c6c523e665b5a6d5e80fcb2334e14670eefd",
                "sha256:c8b3cbc636a87a89b770c6afc999baa6bcbb01691b5ccbbc1b1791c7c0a07540",
                "sha256:e096b062d2efdea57f972d232358cb068413dc54eec4f24158bcbb5cb8bddfd8"
            ],
            "index": "pypi",
            "version": "==1.10.0"
        },
        "scs": {
            "hashes": [
                "sha256:2d835a74c283be73bff6e1978d3ae77a60d9e87db1fdd12916464fa2a1dda517",
                "sha256:368194620918301bf5309a35a7cd0444f1b1992b182c0a29033c26eb97b3dcb2",
                "sha256:3eb601738b260e3dcad117f3e02aceaca5d1e8eac2be225be1c0f9cbf83e75cb",
                "sha256:6a80727167ad73151ced202a1ac6c0c7644b00b2e2607edec8a8807fc0443ac8",
                "sha256:715ca4532de39b462bd393f9e8b4bf57be4122e20f0780d00db3cab1450a585d",
                "sha256:79d7d6c42ee636821460d317b8250945ce04363a47a63aef6b1eae0bd7a418fc",
                "sha256:81511fda3254c0d29089443dcd2305e81d203509e4d77afd160e9174b15ad75a",
                "sha256:91f5194cfabe354c9b1f0ea1de82114028d81c5a4a633177b8da2fe36f301758",
                "sha256:9a14a7c80efb34b469eb4dbaf26a9104dd2ca93e477985f948d8f28cd4b1a2ba",
                "sha256:9d7f7fd2d2cd88938c159b15e8915d9536610e50a9c34ecf36ce0290807afe55",
                "sha256:c0d15f21e9053c5df37dab0d700da55fcc71f2f454748f364b9de594988b2ab3",
                "sha256:ddaa5af34a0e1f636d312eb1901bd407383f0b04dda50fba7242d56e618c0966",
                "sha256:e3bd779e7e977e3ae5a2f2035aa4c2a309e29082d59a722d5d6592edc4bdb4b3",
                "sha256:e6f64d23247797cfa289095fb5ddea6eeff5adf98961e953da90233278827e0c",
                "sha256:f1b24176de97ecedf698596086f85da6dad472fe38a4b21cf4b460f87cae2c37",
                "sha256:fcf4b985a787135b3e83682a4c5b9bce9c6290cfead1d7225c38f34f5ead7187"
            ],
            "version": "==3.2.3"
        },
        "setuptools": {
            "hashes": [
                "sha256:2fc6046e3cddf0ef48493410c18a3f0e4fc888b4460f35e07808591481cdc2ac",
                "sha256:74432f2e66b9afb4a4fceed175d9f3f24986cabf325ecbf1278ec93f846726d3"
            ],
            "markers": "python_version >= '3.7'",
            "version": "==64.0.2"
        },
        "six": {
            "hashes": [
                "sha256:1e61c37477a1626458e36f7b1d82aa5c9b094fa4802892072e49de9c60c4c926",
                "sha256:8abb2f1d86890a2dfb989f9a77cfcfd3e47c2a354b01111771326f8aa26e0254"
            ],
            "markers": "python_version >= '2.7' and python_version not in '3.0, 3.1, 3.2, 3.3'",
            "version": "==1.16.0"
        },
        "sqlparse": {
            "hashes": [
                "sha256:5430a4fe2ac7d0f93e66f1efc6e1338a41884b7ddf2a350cedd20ccc4d9d28f3",
                "sha256:d446183e84b8349fa3061f0fe7f06ca94ba65b426946ffebe6e3e8295332420c"
            ],
            "markers": "python_version >= '3.5'",
            "version": "==0.4.4"
        },
        "text-unidecode": {
            "hashes": [
                "sha256:5a1375bb2ba7968740508ae38d92e1f889a0832913cb1c447d5e2046061a396d",
                "sha256:801e38bd550b943563660a91de8d4b6fa5df60a542be9093f7abf819f86050cc"
            ],
            "version": "==1.2"
        },
        "typing-extensions": {
            "hashes": [
                "sha256:440d5dd3af93b060174bf433bccd69b0babc3b15b1a8dca43789fd7f61514b36",
                "sha256:b75ddc264f0ba5615db7ba217daeb99701ad295353c45f9e95963337ceeeffb2"
            ],
            "markers": "python_version < '3.11'",
            "version": "==4.7.1"
        }
    },
    "develop": {}
}
