{
    "_meta": {
        "hash": {
            "sha256": "397d482d15b731f26f2bcf26839624bb8f410995a1c1b3e3d0b82d2d389ba8b6"
        },
        "pipfile-spec": 6,
        "requires": {
            "python_version": "3.9"
        },
        "sources": [
            {
                "name": "pypi",
                "url": "https://pypi.org/simple",
                "verify_ssl": true
            }
        ]
    },
    "default": {
        "asgiref": {
            "hashes": [
                "sha256:71e68008da809b957b7ee4b43dbccff33d1b23519fb8344e33f049897077afac",
                "sha256:9567dfe7bd8d3c8c892227827c41cce860b368104c3431da67a0c5a65a949506"
            ],
            "markers": "python_version >= '3.7'",
            "version": "==3.6.0"
        },
        "cvxopt": {
            "hashes": [
                "sha256:00b1b232f9d1f902d578a9d75814b67fa020758d5ae422e28ca8cef6269fa5c6",
                "sha256:13afa6472d02d518e6009352531ee685b55e42d545c9b1e3ef479ac2fbe8f52c",
                "sha256:2b61f96561ee87b5d1e40281b6d908c80a454d529dcef947d4f229bba3f68e74",
                "sha256:2e04759a39e11e630177813e74b8c93a4fa10eb6b208ae087406ebfcdae82c2f",
                "sha256:2f44a6f0fffa4b3dda73f16b18fbd71cd109f62bd10c6157cf9eb776399f5400",
                "sha256:3f318c62bf4452f0512485e3d21e05f57fcf325c3e16a7bdf409850561885ede",
                "sha256:5684e630ea6443446be0acc981073ccdc1e6a8976f970f389acb642b6b4c4bd9",
                "sha256:62f57a9270fe3be7ca1acf93c473df5ca875145e10efb9d4bd58af8d914f59be",
                "sha256:80eebacc4db9282a844ab903f44ab3cec0249fac95ca0b79d2801e65c94d741e",
                "sha256:848e23c6dbd262fb2b429d60c6b44de46bf4009e9db539734f5876fab4bfde67",
                "sha256:8a9877128839ed62275d84f477760c40c04e78e476cf46a44d1b1ab705463061",
                "sha256:911ea2c11d3777a233dc6f07729da3f8c7cb3af6369784e443eefcf4b83ad0ba",
                "sha256:96cec99ec0236399def3fdadf3899c2f385f0277a0a296c56271cb84f472eaf0",
                "sha256:aa7f4d7937266188575109a8546f8f9dd79f322cd6dff015a1d059033a64b8d2",
                "sha256:b923ea1ca55dd54fcd6a30b8c3a4efda3ea37c727ac92881963f257deb7ccff7",
                "sha256:c44b7bf39c936a870da625702f7519a05bb6f01d22693452f91c6d034c7654ef",
                "sha256:d062344666d36fdd1cb5dd278b3299de9f1e468106b541e1b92ca62bfab24c09",
                "sha256:d0aad902085e17c618d0e238c804a0e416edb701c5b0231003ce2ba1e0a3e751",
                "sha256:d9cefe4b12e9e4a290681ba54168044dde16e26a007bd1174e4e0d610ed76813",
                "sha256:df651cdc036e286f87d8592cd3ead6a20a0452cbf7548ea9b50eda77b9577f69",
                "sha256:f4dcbd39a18d0aef9c856242fd5ed41049122f5439832c22778ad5300930145d"
            ],
            "index": "pypi",
            "version": "==1.3.0"
        },
        "cvxpy": {
            "hashes": [
                "sha256:21a794b6fd2f760a9d766d68fbe4946534f65e89b73e89b889c5503985558b86",
                "sha256:3767189e541cbcb1259ac28df2aaf5f69485dabb6c9b3884ea0264894e57ee50",
                "sha256:4072a76d9fa1d45a503284ba20a33a7b247bd6e273c4b01e0ce02bd866c8491b",
                "sha256:69505db744df100efab5047b36eec1dd7bdd0617644117325c11c9c029b627d7",
                "sha256:77d6e649cb3cbd2f9df2a0714cf005edcc937cca8aed4a1db41a3f8f6c8311eb",
                "sha256:799139487bfbd9804fc661751b280db534a0e84453a6a2b848b5a14f9a4e1e7e",
                "sha256:a0c2f6c5d99026f431a0d5b544fe3abd42fdf8a73d0cf8a940c7be2a43fa8000",
                "sha256:ab4e80303f268315e5e216d7dbddd66e976f81573568e716f9f25197282cc5de",
                "sha256:ab9b8702a041a45a88e0190bba4d1fb3050aa937bf0cee0c27a1a429e4b2a615",
                "sha256:ade4f4028c5adb041dafd9ef3da82d428e1ea015f30b20949ccd325c42bda519",
                "sha256:bedd6188d58c89dba55d12fa176a25ae32c9c30f70e8725ffcc8723309dc625b",
                "sha256:ca0820e88e69bc85c18e23bfa3ad87e1c7219a699ec42fa720fd77882445e346",
                "sha256:d9efdf1fe8c8d881500c44ee11c33726de5b457cda8ea0073ae2346692e4d119",
                "sha256:dc15d7e82ffe392962c26a470d7e9af7cfb779b9cd4fdcb3b7cd00794305b088",
                "sha256:dfb39124f0a5e39d592b39fd21f485b2159838e97c03407ba8439c15a4be9676",
                "sha256:ff3438c801176f2ce639f2e144bbdc4a5897ef1396238a09cf7ef582c972b336"
            ],
            "index": "pypi",
            "version": "==1.2.3"
        },
        "django": {
            "hashes": [
                "sha256:0fabc786489af16ad87a8c170ba9d42bfd23f7b699bd5ef05675864e8d012859",
                "sha256:72a4a5a136a214c39cf016ccdd6b69e2aa08c7479c66d93f3a9b5e4bb9d8a347"
            ],
            "index": "pypi",
            "version": "==3.1.14"
        },
        "ecos": {
            "hashes": [
                "sha256:29d00164eaea66ed54697a3b361c575284a8bca54f2623381a0635806c7303a7",
                "sha256:3e42bd4c19af6e04f76ccc85d941b1f1adc7faeee4d06d482395a6beb7bec895",
                "sha256:4979dc2d1cb6667e371a45a61887068505c1305437eef104ed6ef16f4b6aa0e3",
                "sha256:4e86671397d1d2cd7cccff8a9c45be0541b0c60af8b92a0ff3581c9ed869db67",
                "sha256:5184a9d8521ad1af90ffcd9902a6fa75c7bc473f37d30d86f97beda1033dfca2",
                "sha256:528b02f53835bd1baeb2e23f8153b8d6cc2b3704e1768be6a1a972f542241670",
                "sha256:608bc822ee8e070927ab3519169b13a1a0fe88f3d562212d6b5dbb1039776360",
                "sha256:617be25d74222849622b0f82b94a11abcf1fae78ccaf69977b328321ee6ffa0b",
                "sha256:6def54336a15b5a49bc3bfcaa36035e8557cae8a4853b17ca84f5a29c93bcaea",
                "sha256:7af08941552fce108bd80145cdb6be7fa74477a20bacdac170800442cc7027d4",
                "sha256:835298a299c88c207b3402fba60ad9b5688b59bbbf2ac34a46de5b37165d773a",
                "sha256:858a4dd3177bdc8cc6e362031732f5177b62138a1e4ef91c0dc3c6bd7d2d1248",
                "sha256:da8fbbca3feb83a9e27075d29b3765417d0c80af8ea83cbdc4a558cae7b564af",
                "sha256:eba07599084724eedc20b2862d5580eebebb09609f4740baadc78401cb99827c",
                "sha256:f48816d73b87ae325556ea537b7c8743187311403c80e3832035224156337c4e",
                "sha256:f70e4547966f530fd7715756f7a65d5b9b90b312b9d37f243ef9356c05e7d74c"
            ],
            "version": "==2.0.12"
        },
        "faker": {
            "hashes": [
                "sha256:6886d58f3c24d8ecdaa3740b138121614197ffd3e0adfb0cb02ca4e71e292dfe",
                "sha256:8f7cb7a62a1a207bb8febcc6e04fd8b80e0f31b1a4c2ca587d42368064922b80"
            ],
            "index": "pypi",
            "version": "==1.0.8"
        },
        "gunicorn": {
            "hashes": [
                "sha256:9dcc4547dbb1cb284accfb15ab5667a0e5d1881cc443e0677b4882a4067a807e",
                "sha256:e0a968b5ba15f8a328fdfd7ab1fcb5af4470c28aaf7e55df02a99bc13138e6e8"
            ],
            "index": "pypi",
            "version": "==20.1.0"
        },
        "mysqlclient": {
            "hashes": [
                "sha256:0d1cd3a5a4d28c222fa199002810e8146cffd821410b67851af4cc80aeccd97c",
                "sha256:828757e419fb11dd6c5ed2576ec92c3efaa93a0f7c39e263586d1ee779c3d782",
                "sha256:996924f3483fd36a34a5812210c69e71dea5a3d5978d01199b78b7f6d485c855",
                "sha256:b355c8b5a7d58f2e909acdbb050858390ee1b0e13672ae759e5e784110022994",
                "sha256:c1ed71bd6244993b526113cca3df66428609f90e4652f37eb51c33496d478b37",
                "sha256:c812b67e90082a840efb82a8978369e6e69fc62ce1bda4ca8f3084a9d862308b",
                "sha256:dea88c8d3f5a5d9293dfe7f087c16dd350ceb175f2f6631c9cf4caf3e19b7a96"
            ],
            "index": "pypi",
            "version": "==2.1.1"
        },
        "numpy": {
            "hashes": [
                "sha256:0044f7d944ee882400890f9ae955220d29b33d809a038923d88e4e01d652acd9",
                "sha256:0e3463e6ac25313462e04aea3fb8a0a30fb906d5d300f58b3bc2c23da6a15398",
                "sha256:179a7ef0889ab769cc03573b6217f54c8bd8e16cef80aad369e1e8185f994cd7",
                "sha256:2386da9a471cc00a1f47845e27d916d5ec5346ae9696e01a8a34760858fe9dd2",
                "sha256:26089487086f2648944f17adaa1a97ca6aee57f513ba5f1c0b7ebdabbe2b9954",
                "sha256:28bc9750ae1f75264ee0f10561709b1462d450a4808cd97c013046073ae64ab6",
                "sha256:28e418681372520c992805bb723e29d69d6b7aa411065f48216d8329d02ba032",
                "sha256:442feb5e5bada8408e8fcd43f3360b78683ff12a4444670a7d9e9824c1817d36",
                "sha256:6ec0c021cd9fe732e5bab6401adea5a409214ca5592cd92a114f7067febcba0c",
                "sha256:7094891dcf79ccc6bc2a1f30428fa5edb1e6fb955411ffff3401fb4ea93780a8",
                "sha256:84e789a085aabef2f36c0515f45e459f02f570c4b4c4c108ac1179c34d475ed7",
                "sha256:87a118968fba001b248aac90e502c0b13606721b1343cdaddbc6e552e8dfb56f",
                "sha256:8e669fbdcdd1e945691079c2cae335f3e3a56554e06bbd45d7609a6cf568c700",
                "sha256:ad2925567f43643f51255220424c23d204024ed428afc5aad0f86f3ffc080086",
                "sha256:b0677a52f5d896e84414761531947c7a330d1adc07c3a4372262f25d84af7bf7",
                "sha256:b07b40f5fb4fa034120a5796288f24c1fe0e0580bbfff99897ba6267af42def2",
                "sha256:b09804ff570b907da323b3d762e74432fb07955701b17b08ff1b5ebaa8cfe6a9",
                "sha256:b162ac10ca38850510caf8ea33f89edcb7b0bb0dfa5592d59909419986b72407",
                "sha256:b31da69ed0c18be8b77bfce48d234e55d040793cebb25398e2a7d84199fbc7e2",
                "sha256:caf65a396c0d1f9809596be2e444e3bd4190d86d5c1ce21f5fc4be60a3bc5b36",
                "sha256:cfa1161c6ac8f92dea03d625c2d0c05e084668f4a06568b77a25a89111621566",
                "sha256:dae46bed2cb79a58d6496ff6d8da1e3b95ba09afeca2e277628171ca99b99db1",
                "sha256:ddc7ab52b322eb1e40521eb422c4e0a20716c271a306860979d450decbb51b8e",
                "sha256:de92efa737875329b052982e37bd4371d52cabf469f83e7b8be9bb7752d67e51",
                "sha256:e274f0f6c7efd0d577744f52032fdd24344f11c5ae668fe8d01aac0422611df1",
                "sha256:ed5fb71d79e771ec930566fae9c02626b939e37271ec285e9efaf1b5d4370e7d",
                "sha256:ef85cf1f693c88c1fd229ccd1055570cb41cdf4875873b7728b6301f12cd05bf",
                "sha256:f1b739841821968798947d3afcefd386fa56da0caf97722a5de53e07c4ccedc7"
            ],
            "markers": "python_version >= '3.8'",
            "version": "==1.24.1"
        },
        "osqp": {
            "hashes": [
                "sha256:02175818a0b1715ae0aab88a23678a44b269587af0ef655457042ca69a45eddd",
                "sha256:0a6e36151d088a9196b24fffc6b1d3a8bf79dcf9e7a5bd5f9c76c9ee1e019edf",
                "sha256:1d635a321686d15aaf2d91b05f41f736333d6adb0639bc14fc1c22b2cfce9c80",
                "sha256:1ecbd173c21805b64a0b736d051312241a84327759526505578f83f7dcc81c66",
                "sha256:22724b3ac4eaf17582e3ff35cb6660c026e71138f27fc21dbae4f1dc60904c64",
                "sha256:23d6bae4a3612f60d5f652d0e5fa4b2ead507cabfff5d930d822057ae6ed6677",
                "sha256:2cc3a966afc4c6ef29dbeb92c59aec7479451149bb77f5c318767433da2c1863",
                "sha256:2d39020616c8b4fd9b3ec11f96bd3d68f366ab161323ecb9c1f9c7024eda2d28",
                "sha256:2f8647e63bba38f57161d80dda251c06c290bb99e4767cc58a37727ee3c8b912",
                "sha256:470c07e7dd06588576155133ae9aea62077dbaa4310aa8e387e879403de42369",
                "sha256:497a2fb0d14d20185eaa32aa5f98374fe9a57df09ed0aedb2c27c37d0aa54afa",
                "sha256:52daa25502056aa1643e2d23ee230a7fe1c399e1a8b35a7b5dd2b77c7b356007",
                "sha256:58b38557b0a6181dff8f557244758b955ff27384a1f67b83d75e51fd34c9e842",
                "sha256:6a009c100eaaf93e9b2b790af61e209090d2a60b629893e21052d7216e572bbe",
                "sha256:7f888eaa54bac0261cadb145b3bcf8b2da9109cbf53fc4fdbdc6c6f6c04e2bb9",
                "sha256:866f1bc2386b15393a68d379447808bbf3c8b2a126b0fc0669b27fcf3985b86c",
                "sha256:8d4920fb588d861d0d92874cb5b4435db16fe1e36a986d30638106afe374c1a8",
                "sha256:ac9c6aaebe56eae33d7545564148a8fab1d71117cbbe0eedbd2c658bc3455df9",
                "sha256:b30e7a2f49103622fdad9ed9c127c47afae01f5a8a6994d04803d3d5deadab4e",
                "sha256:bd956b7af9d524aed60ab41ec47b20519aede28538dea8f3188ad9056c4c0b01",
                "sha256:c9705647d7e6171b3baaa68b0c159c43ea69cba22fbdbd8f79f86ae404a3d96f",
                "sha256:dd4b2ee44ec08253bcafb4d8a45c7d8278caa0bc13ac7ed24aa35249da7f1d2a",
                "sha256:dea8085760268971985bb3366bf4d5fb2e8291d7013c47e6178abb964cf05b86",
                "sha256:e2475e1417e0ff86b5cd363d9dc2796d54f2a42f67a95fc527eb2ed15df6a1ac",
                "sha256:f30b405ec0e6a2acf52f59e04f1c258480be172f64c2d37c24adcbf2ac400548"
            ],
            "version": "==0.6.2.post8"
        },
        "python-dateutil": {
            "hashes": [
                "sha256:0123cacc1627ae19ddf3c27a5de5bd67ee4586fbdd6440d9748f8abb483d3e86",
                "sha256:961d03dc3453ebbc59dbdea9e4e11c5651520a876d0f4db161e8674aae935da9"
            ],
            "markers": "python_version >= '2.7' and python_version not in '3.0, 3.1, 3.2, 3.3'",
            "version": "==2.8.2"
        },
        "pytz": {
            "hashes": [
                "sha256:7ccfae7b4b2c067464a6733c6261673fdb8fd1be905460396b97a073e9fa683a",
                "sha256:93007def75ae22f7cd991c84e02d434876818661f8df9ad5df9e950ff4e52cfd"
            ],
            "version": "==2022.7"
        },
        "qdldl": {
            "hashes": [
                "sha256:05b3079837c0ec86136b4a29b3842eab7bfc7a5517d751a3e5d0d5c111a2e523",
                "sha256:15d0fbff31aa19195b135ca934cf75025d46a275d915eebb7c11a7d16e148096",
                "sha256:227fe8988a86b9f9ed341ad20d11502789b4d05bceddb09a47dbb24b08d79966",
                "sha256:408a34b735be5425dc088cdebb1129f0f5d8cc9fd8c888fc9ed0bd1a02a65d6f",
                "sha256:438b303b8b7b95531d93b457657ec89e742bd90c9a72da1eebfb51095007922c",
                "sha256:5269f40521b12941f1334a162f8f06375df6a89f0f90d8a758ae3b83b8931b18",
                "sha256:53b19b8509f529fa6fdc8f869f6172d5c89587b657aa24d958d339de3bc47a73",
                "sha256:655f5e83c9e46f2d9b32508852d92b6e8fa6d166a6f48960aac54e81cd578417",
                "sha256:7daf7ad1bfff1da71da06e82d5147bdb1ac866581617d8f06cc4eeda48e2a149",
                "sha256:879cd43b41babda79d4896f6b5a79dfbf96be5f13489553c793659116a2e9ce4",
                "sha256:ab77ca440cbca98377e3ade32860c8d7e4fa97759d6266759a7e2f718ec4ded1",
                "sha256:ae054e987066ae861c0bc648a7cdd523cfb1849353bc9b1591ecbf2a55ca8b7d",
                "sha256:ae0b70e7599dd58ef16d6500947b8d2bdd4272ffbbd2ebf5c516691fdfb82212",
                "sha256:d6f0f55bb853f10e3a2025193af2d1cc202697cc7985fe7785d681114c5b3cdb",
                "sha256:fa7057d8888ea8ebba859da8b25d40e10e2f12013f6b0b033c9ab6e68cd10763",
                "sha256:ffbdd5bd07f2340ad2ce01d44cc95223ffa256136ac5dc32f4f80926701640fb"
            ],
            "version": "==0.1.5.post2"
        },
        "scipy": {
            "hashes": [
                "sha256:06d2e1b4c491dc7d8eacea139a1b0b295f74e1a1a0f704c375028f8320d16e31",
                "sha256:0d54222d7a3ba6022fdf5773931b5d7c56efe41ede7f7128c7b1637700409108",
                "sha256:1884b66a54887e21addf9c16fb588720a8309a57b2e258ae1c7986d4444d3bc0",
                "sha256:1a72d885fa44247f92743fc20732ae55564ff2a519e8302fb7e18717c5355a8b",
                "sha256:2318bef588acc7a574f5bfdff9c172d0b1bf2c8143d9582e05f878e580a3781e",
                "sha256:4db5b30849606a95dcf519763dd3ab6fe9bd91df49eba517359e450a7d80ce2e",
                "sha256:545c83ffb518094d8c9d83cce216c0c32f8c04aaf28b92cc8283eda0685162d5",
                "sha256:5a04cd7d0d3eff6ea4719371cbc44df31411862b9646db617c99718ff68d4840",
                "sha256:5b88e6d91ad9d59478fafe92a7c757d00c59e3bdc3331be8ada76a4f8d683f58",
                "sha256:68239b6aa6f9c593da8be1509a05cb7f9efe98b80f43a5861cd24c7557e98523",
                "sha256:83b89e9586c62e787f5012e8475fbb12185bafb996a03257e9675cd73d3736dd",
                "sha256:83c06e62a390a9167da60bedd4575a14c1f58ca9dfde59830fc42e5197283dab",
                "sha256:90453d2b93ea82a9f434e4e1cba043e779ff67b92f7a0e85d05d286a3625df3c",
                "sha256:abaf921531b5aeaafced90157db505e10345e45038c39e5d9b6c7922d68085cb",
                "sha256:b41bc822679ad1c9a5f023bc93f6d0543129ca0f37c1ce294dd9d386f0a21096",
                "sha256:c68db6b290cbd4049012990d7fe71a2abd9ffbe82c0056ebe0f01df8be5436b0",
                "sha256:cff3a5295234037e39500d35316a4c5794739433528310e117b8a9a0c76d20fc",
                "sha256:d01e1dd7b15bd2449c8bfc6b7cc67d630700ed655654f0dfcf121600bad205c9",
                "sha256:d644a64e174c16cb4b2e41dfea6af722053e83d066da7343f333a54dae9bc31c",
                "sha256:da8245491d73ed0a994ed9c2e380fd058ce2fa8a18da204681f2fe1f57f98f95",
                "sha256:fbc5c05c85c1a02be77b1ff591087c83bc44579c6d2bd9fb798bb64ea5e1a027"
            ],
            "markers": "python_version >= '3.8'",
            "version": "==1.9.3"
        },
        "scs": {
            "hashes": [
                "sha256:14ffecb2e09811f976ae3957ffdf482d9e9fa3224c671028146925c9f226a3f9",
                "sha256:280679c2610c66892f8b41c04045eb45084241f6b8f99c933e5172e5564026d8",
                "sha256:324bb179191291a93bcb798dac04375c7b5b66aa6b868f9155887ecc629084da",
                "sha256:341acbc6cb82da17a65b19fd4eb345752410c8b9d27e70d1b867078a77937e53",
                "sha256:4934a88363bef6797ea46024b5a9182b3c5ce1e8f03f6534a8516fdc1f08966c",
                "sha256:502681de679db3d03906f4d04b0360d20e269d84e31a09b0723b16a0917c5d9b",
                "sha256:6df4c5b1bf9a14f8c092bf555bd0be00593658cabe6b4ac218c5f255c2612de9",
                "sha256:700732c009ebc2244be129663667d6e7bc1db22926ddb12559b229f97d11ef36",
                "sha256:70458d8e1c729ce447386caa001b48c61c21ab937b531ad0345b792de8f45a6e",
                "sha256:7206a2ad27ca031d693d65cbcbcfc661498f3983838079a66579bcc784b25293",
                "sha256:81ff652616520cdbed23e337d19a660dea09b97fff6aa27a278c89e5695bb8aa",
                "sha256:91012aa6e1597aa02a73356f4d3d14e9e0628741b3d437462f6d9f3e59ffb209",
                "sha256:9d631cfac998b9fbb7173059e62ceae95367de261e002c146fa991363996e7f1",
                "sha256:a436227d9e71bc3510ef67cf3b4921af1ea8d79486cd538059af91ea89d78601",
                "sha256:a5877bc447a84e6ad0538376d9783496bec1cd78d0c5b0e92c0867cc09b817aa",
                "sha256:bb5ace2196525d29ebf37a421513eed8b06e1966c568e3a8d003a13d7186d9a7",
                "sha256:ca69d8121cc21a5f0334ce0615a4c995be6f9044ea40dd4124f2a69c7f20ed56",
                "sha256:d6b69c800f8aea092b66524b0f8c145515462fc013d5a79a8a3083d9535d64db",
                "sha256:e2f0ef31ca1dd53bb7431521640820a1181f4f61bdf6c5f8af28a160af1660c7"
            ],
            "version": "==3.2.2"
        },
        "setuptools": {
            "hashes": [
                "sha256:2fc6046e3cddf0ef48493410c18a3f0e4fc888b4460f35e07808591481cdc2ac",
                "sha256:74432f2e66b9afb4a4fceed175d9f3f24986cabf325ecbf1278ec93f846726d3"
            ],
            "markers": "python_version >= '3.7'",
            "version": "==64.0.2"
        },
        "six": {
            "hashes": [
                "sha256:1e61c37477a1626458e36f7b1d82aa5c9b094fa4802892072e49de9c60c4c926",
                "sha256:8abb2f1d86890a2dfb989f9a77cfcfd3e47c2a354b01111771326f8aa26e0254"
            ],
            "markers": "python_version >= '2.7' and python_version not in '3.0, 3.1, 3.2, 3.3'",
            "version": "==1.16.0"
        },
        "sqlparse": {
            "hashes": [
                "sha256:0323c0ec29cd52bceabc1b4d9d579e311f3e4961b98d174201d5622a23b85e34",
                "sha256:69ca804846bb114d2ec380e4360a8a340db83f0ccf3afceeb1404df028f57268"
            ],
            "markers": "python_version >= '3.5'",
            "version": "==0.4.3"
        },
        "text-unidecode": {
            "hashes": [
                "sha256:5a1375bb2ba7968740508ae38d92e1f889a0832913cb1c447d5e2046061a396d",
                "sha256:801e38bd550b943563660a91de8d4b6fa5df60a542be9093f7abf819f86050cc"
            ],
            "version": "==1.2"
        }
    },
    "develop": {}
}
